// !$*UTF8*$!
{
	archiveVersion = 1;
	classes = {
	};
	objectVersion = 48;
	objects = {

/* Begin PBXBuildFile section */
		394B394B222FE86100A93784 /* Movie.swift in Sources */ = {isa = PBXBuildFile; fileRef = 394B394A222FE86100A93784 /* Movie.swift */; };
		394B394E222FEBCA00A93784 /* MoviesViewController.swift in Sources */ = {isa = PBXBuildFile; fileRef = 394B394D222FEBCA00A93784 /* MoviesViewController.swift */; };
		394B39502230059800A93784 /* PresenterMovie.swift in Sources */ = {isa = PBXBuildFile; fileRef = 394B394F2230059800A93784 /* PresenterMovie.swift */; };
		398DF1C7222FE32D007F62E0 /* AppDelegate.swift in Sources */ = {isa = PBXBuildFile; fileRef = 398DF1C6222FE32D007F62E0 /* AppDelegate.swift */; };
		398DF1C9222FE32D007F62E0 /* ViewController.swift in Sources */ = {isa = PBXBuildFile; fileRef = 398DF1C8222FE32D007F62E0 /* ViewController.swift */; };
		398DF1CC222FE32D007F62E0 /* Main.storyboard in Resources */ = {isa = PBXBuildFile; fileRef = 398DF1CA222FE32D007F62E0 /* Main.storyboard */; };
		398DF1CF222FE32D007F62E0 /* Movies.xcdatamodeld in Sources */ = {isa = PBXBuildFile; fileRef = 398DF1CD222FE32D007F62E0 /* Movies.xcdatamodeld */; };
		398DF1D1222FE32D007F62E0 /* Assets.xcassets in Resources */ = {isa = PBXBuildFile; fileRef = 398DF1D0222FE32D007F62E0 /* Assets.xcassets */; };
		398DF1D4222FE32D007F62E0 /* LaunchScreen.storyboard in Resources */ = {isa = PBXBuildFile; fileRef = 398DF1D2222FE32D007F62E0 /* LaunchScreen.storyboard */; };
		398DF1DF222FE32E007F62E0 /* MoviesTests.swift in Sources */ = {isa = PBXBuildFile; fileRef = 398DF1DE222FE32E007F62E0 /* MoviesTests.swift */; };
		39DD7B4B22302664002B41BF /* MovieInteractor.swift in Sources */ = {isa = PBXBuildFile; fileRef = 39DD7B4A22302664002B41BF /* MovieInteractor.swift */; };
		5F952E26CC7896B1BC1261B9 /* Pods_Movies.framework in Frameworks */ = {isa = PBXBuildFile; fileRef = 60038D85D67781FC3D60E921 /* Pods_Movies.framework */; };
		7C7DD3A355B3E82A55D11BAE /* Pods_MoviesTests.framework in Frameworks */ = {isa = PBXBuildFile; fileRef = F0EB23EBB35C2F1CEA099C08 /* Pods_MoviesTests.framework */; };
/* End PBXBuildFile section */

/* Begin PBXContainerItemProxy section */
		398DF1DB222FE32E007F62E0 /* PBXContainerItemProxy */ = {
			isa = PBXContainerItemProxy;
			containerPortal = 398DF1BB222FE32C007F62E0 /* Project object */;
			proxyType = 1;
			remoteGlobalIDString = 398DF1C2222FE32D007F62E0;
			remoteInfo = Movies;
		};
/* End PBXContainerItemProxy section */

/* Begin PBXFileReference section */
		394B394A222FE86100A93784 /* Movie.swift */ = {isa = PBXFileReference; lastKnownFileType = sourcecode.swift; path = Movie.swift; sourceTree = "<group>"; };
		394B394D222FEBCA00A93784 /* MoviesViewController.swift */ = {isa = PBXFileReference; lastKnownFileType = sourcecode.swift; path = MoviesViewController.swift; sourceTree = "<group>"; };
		394B394F2230059800A93784 /* PresenterMovie.swift */ = {isa = PBXFileReference; lastKnownFileType = sourcecode.swift; path = PresenterMovie.swift; sourceTree = "<group>"; };
		398DF1C3222FE32D007F62E0 /* Movies.app */ = {isa = PBXFileReference; explicitFileType = wrapper.application; includeInIndex = 0; path = Movies.app; sourceTree = BUILT_PRODUCTS_DIR; };
		398DF1C6222FE32D007F62E0 /* AppDelegate.swift */ = {isa = PBXFileReference; lastKnownFileType = sourcecode.swift; path = AppDelegate.swift; sourceTree = "<group>"; };
		398DF1C8222FE32D007F62E0 /* ViewController.swift */ = {isa = PBXFileReference; lastKnownFileType = sourcecode.swift; path = ViewController.swift; sourceTree = "<group>"; };
		398DF1CB222FE32D007F62E0 /* Base */ = {isa = PBXFileReference; lastKnownFileType = file.storyboard; name = Base; path = Base.lproj/Main.storyboard; sourceTree = "<group>"; };
		398DF1CE222FE32D007F62E0 /* Movies.xcdatamodel */ = {isa = PBXFileReference; lastKnownFileType = wrapper.xcdatamodel; path = Movies.xcdatamodel; sourceTree = "<group>"; };
		398DF1D0222FE32D007F62E0 /* Assets.xcassets */ = {isa = PBXFileReference; lastKnownFileType = folder.assetcatalog; path = Assets.xcassets; sourceTree = "<group>"; };
		398DF1D3222FE32D007F62E0 /* Base */ = {isa = PBXFileReference; lastKnownFileType = file.storyboard; name = Base; path = Base.lproj/LaunchScreen.storyboard; sourceTree = "<group>"; };
		398DF1D5222FE32D007F62E0 /* Info.plist */ = {isa = PBXFileReference; lastKnownFileType = text.plist.xml; path = Info.plist; sourceTree = "<group>"; };
		398DF1DA222FE32E007F62E0 /* MoviesTests.xctest */ = {isa = PBXFileReference; explicitFileType = wrapper.cfbundle; includeInIndex = 0; path = MoviesTests.xctest; sourceTree = BUILT_PRODUCTS_DIR; };
		398DF1DE222FE32E007F62E0 /* MoviesTests.swift */ = {isa = PBXFileReference; lastKnownFileType = sourcecode.swift; path = MoviesTests.swift; sourceTree = "<group>"; };
		398DF1E0222FE32E007F62E0 /* Info.plist */ = {isa = PBXFileReference; lastKnownFileType = text.plist.xml; path = Info.plist; sourceTree = "<group>"; };
		39DD7B4A22302664002B41BF /* MovieInteractor.swift */ = {isa = PBXFileReference; lastKnownFileType = sourcecode.swift; path = MovieInteractor.swift; sourceTree = "<group>"; };
		60038D85D67781FC3D60E921 /* Pods_Movies.framework */ = {isa = PBXFileReference; explicitFileType = wrapper.framework; includeInIndex = 0; path = Pods_Movies.framework; sourceTree = BUILT_PRODUCTS_DIR; };
		A852EB78DF80504D1DB01525 /* Pods-MoviesTests.debug.xcconfig */ = {isa = PBXFileReference; includeInIndex = 1; lastKnownFileType = text.xcconfig; name = "Pods-MoviesTests.debug.xcconfig"; path = "Target Support Files/Pods-MoviesTests/Pods-MoviesTests.debug.xcconfig"; sourceTree = "<group>"; };
		AA84D6ED744E0383E120E18A /* Pods-Movies.debug.xcconfig */ = {isa = PBXFileReference; includeInIndex = 1; lastKnownFileType = text.xcconfig; name = "Pods-Movies.debug.xcconfig"; path = "Target Support Files/Pods-Movies/Pods-Movies.debug.xcconfig"; sourceTree = "<group>"; };
		B76D0365F9D556F0D1C33C46 /* Pods-Movies.release.xcconfig */ = {isa = PBXFileReference; includeInIndex = 1; lastKnownFileType = text.xcconfig; name = "Pods-Movies.release.xcconfig"; path = "Target Support Files/Pods-Movies/Pods-Movies.release.xcconfig"; sourceTree = "<group>"; };
		D4895FE69F7C69266A8507A9 /* Pods-MoviesTests.release.xcconfig */ = {isa = PBXFileReference; includeInIndex = 1; lastKnownFileType = text.xcconfig; name = "Pods-MoviesTests.release.xcconfig"; path = "Target Support Files/Pods-MoviesTests/Pods-MoviesTests.release.xcconfig"; sourceTree = "<group>"; };
		F0EB23EBB35C2F1CEA099C08 /* Pods_MoviesTests.framework */ = {isa = PBXFileReference; explicitFileType = wrapper.framework; includeInIndex = 0; path = Pods_MoviesTests.framework; sourceTree = BUILT_PRODUCTS_DIR; };
/* End PBXFileReference section */

/* Begin PBXFrameworksBuildPhase section */
		398DF1C0222FE32D007F62E0 /* Frameworks */ = {
			isa = PBXFrameworksBuildPhase;
			buildActionMask = 2147483647;
			files = (
				5F952E26CC7896B1BC1261B9 /* Pods_Movies.framework in Frameworks */,
			);
			runOnlyForDeploymentPostprocessing = 0;
		};
		398DF1D7222FE32E007F62E0 /* Frameworks */ = {
			isa = PBXFrameworksBuildPhase;
			buildActionMask = 2147483647;
			files = (
				7C7DD3A355B3E82A55D11BAE /* Pods_MoviesTests.framework in Frameworks */,
			);
			runOnlyForDeploymentPostprocessing = 0;
		};
/* End PBXFrameworksBuildPhase section */

/* Begin PBXGroup section */
		394B3948222FE7D500A93784 /* models */ = {
			isa = PBXGroup;
			children = (
				394B394A222FE86100A93784 /* Movie.swift */,
			);
			path = models;
			sourceTree = "<group>";
		};
		394B3949222FE7ED00A93784 /* modules */ = {
			isa = PBXGroup;
			children = (
				394B394C222FEB3F00A93784 /* Movies */,
			);
			path = modules;
			sourceTree = "<group>";
		};
		394B394C222FEB3F00A93784 /* Movies */ = {
			isa = PBXGroup;
			children = (
				39DD7B4A22302664002B41BF /* MovieInteractor.swift */,
				394B394D222FEBCA00A93784 /* MoviesViewController.swift */,
				394B394F2230059800A93784 /* PresenterMovie.swift */,
			);
			path = Movies;
			sourceTree = "<group>";
		};
		398DF1BA222FE32C007F62E0 = {
			isa = PBXGroup;
			children = (
				398DF1C5222FE32D007F62E0 /* Movies */,
				398DF1DD222FE32E007F62E0 /* MoviesTests */,
				398DF1C4222FE32D007F62E0 /* Products */,
				6978F881396C9599278E4EBC /* Pods */,
				86016DF8E21436F80D44307F /* Frameworks */,
			);
			sourceTree = "<group>";
		};
		398DF1C4222FE32D007F62E0 /* Products */ = {
			isa = PBXGroup;
			children = (
				398DF1C3222FE32D007F62E0 /* Movies.app */,
				398DF1DA222FE32E007F62E0 /* MoviesTests.xctest */,
			);
			name = Products;
			sourceTree = "<group>";
		};
		398DF1C5222FE32D007F62E0 /* Movies */ = {
			isa = PBXGroup;
			children = (
				39DD7B492230260A002B41BF /* http */,
				394B3949222FE7ED00A93784 /* modules */,
				394B3948222FE7D500A93784 /* models */,
				398DF1C6222FE32D007F62E0 /* AppDelegate.swift */,
				398DF1C8222FE32D007F62E0 /* ViewController.swift */,
				398DF1CA222FE32D007F62E0 /* Main.storyboard */,
				398DF1D0222FE32D007F62E0 /* Assets.xcassets */,
				398DF1D2222FE32D007F62E0 /* LaunchScreen.storyboard */,
				398DF1D5222FE32D007F62E0 /* Info.plist */,
				398DF1CD222FE32D007F62E0 /* Movies.xcdatamodeld */,
			);
			path = Movies;
			sourceTree = "<group>";
		};
		398DF1DD222FE32E007F62E0 /* MoviesTests */ = {
			isa = PBXGroup;
			children = (
				398DF1DE222FE32E007F62E0 /* MoviesTests.swift */,
				398DF1E0222FE32E007F62E0 /* Info.plist */,
			);
			path = MoviesTests;
			sourceTree = "<group>";
		};
		39DD7B492230260A002B41BF /* http */ = {
			isa = PBXGroup;
			children = (
			);
			path = http;
			sourceTree = "<group>";
		};
		6978F881396C9599278E4EBC /* Pods */ = {
			isa = PBXGroup;
			children = (
				AA84D6ED744E0383E120E18A /* Pods-Movies.debug.xcconfig */,
				B76D0365F9D556F0D1C33C46 /* Pods-Movies.release.xcconfig */,
				A852EB78DF80504D1DB01525 /* Pods-MoviesTests.debug.xcconfig */,
				D4895FE69F7C69266A8507A9 /* Pods-MoviesTests.release.xcconfig */,
			);
			path = Pods;
			sourceTree = "<group>";
		};
		86016DF8E21436F80D44307F /* Frameworks */ = {
			isa = PBXGroup;
			children = (
				60038D85D67781FC3D60E921 /* Pods_Movies.framework */,
				F0EB23EBB35C2F1CEA099C08 /* Pods_MoviesTests.framework */,
			);
			name = Frameworks;
			sourceTree = "<group>";
		};
/* End PBXGroup section */

/* Begin PBXNativeTarget section */
		398DF1C2222FE32D007F62E0 /* Movies */ = {
			isa = PBXNativeTarget;
			buildConfigurationList = 398DF1E3222FE32E007F62E0 /* Build configuration list for PBXNativeTarget "Movies" */;
			buildPhases = (
				DB81C79AE32996FE49A13C65 /* [CP] Check Pods Manifest.lock */,
				398DF1BF222FE32D007F62E0 /* Sources */,
				398DF1C0222FE32D007F62E0 /* Frameworks */,
				398DF1C1222FE32D007F62E0 /* Resources */,
				1ED8F29FB3396863D47E6B41 /* [CP] Embed Pods Frameworks */,
			);
			buildRules = (
			);
			dependencies = (
			);
			name = Movies;
			productName = Movies;
			productReference = 398DF1C3222FE32D007F62E0 /* Movies.app */;
			productType = "com.apple.product-type.application";
		};
		398DF1D9222FE32E007F62E0 /* MoviesTests */ = {
			isa = PBXNativeTarget;
			buildConfigurationList = 398DF1E6222FE32E007F62E0 /* Build configuration list for PBXNativeTarget "MoviesTests" */;
			buildPhases = (
				F2D1A413A105B551A71991A2 /* [CP] Check Pods Manifest.lock */,
				398DF1D6222FE32E007F62E0 /* Sources */,
				398DF1D7222FE32E007F62E0 /* Frameworks */,
				398DF1D8222FE32E007F62E0 /* Resources */,
			);
			buildRules = (
			);
			dependencies = (
				398DF1DC222FE32E007F62E0 /* PBXTargetDependency */,
			);
			name = MoviesTests;
			productName = MoviesTests;
			productReference = 398DF1DA222FE32E007F62E0 /* MoviesTests.xctest */;
			productType = "com.apple.product-type.bundle.unit-test";
		};
/* End PBXNativeTarget section */

/* Begin PBXProject section */
		398DF1BB222FE32C007F62E0 /* Project object */ = {
			isa = PBXProject;
			attributes = {
				LastSwiftUpdateCheck = 0900;
				LastUpgradeCheck = 0900;
				ORGANIZATIONNAME = desafiotoken;
				TargetAttributes = {
					398DF1C2222FE32D007F62E0 = {
						CreatedOnToolsVersion = 9.0;
						ProvisioningStyle = Manual;
					};
					398DF1D9222FE32E007F62E0 = {
						CreatedOnToolsVersion = 9.0;
						ProvisioningStyle = Automatic;
						TestTargetID = 398DF1C2222FE32D007F62E0;
					};
				};
			};
			buildConfigurationList = 398DF1BE222FE32C007F62E0 /* Build configuration list for PBXProject "Movies" */;
			compatibilityVersion = "Xcode 8.0";
			developmentRegion = en;
			hasScannedForEncodings = 0;
			knownRegions = (
				en,
				Base,
			);
			mainGroup = 398DF1BA222FE32C007F62E0;
			productRefGroup = 398DF1C4222FE32D007F62E0 /* Products */;
			projectDirPath = "";
			projectRoot = "";
			targets = (
				398DF1C2222FE32D007F62E0 /* Movies */,
				398DF1D9222FE32E007F62E0 /* MoviesTests */,
			);
		};
/* End PBXProject section */

/* Begin PBXResourcesBuildPhase section */
		398DF1C1222FE32D007F62E0 /* Resources */ = {
			isa = PBXResourcesBuildPhase;
			buildActionMask = 2147483647;
			files = (
				398DF1D4222FE32D007F62E0 /* LaunchScreen.storyboard in Resources */,
				398DF1D1222FE32D007F62E0 /* Assets.xcassets in Resources */,
				398DF1CC222FE32D007F62E0 /* Main.storyboard in Resources */,
			);
			runOnlyForDeploymentPostprocessing = 0;
		};
		398DF1D8222FE32E007F62E0 /* Resources */ = {
			isa = PBXResourcesBuildPhase;
			buildActionMask = 2147483647;
			files = (
			);
			runOnlyForDeploymentPostprocessing = 0;
		};
/* End PBXResourcesBuildPhase section */

/* Begin PBXShellScriptBuildPhase section */
		1ED8F29FB3396863D47E6B41 /* [CP] Embed Pods Frameworks */ = {
			isa = PBXShellScriptBuildPhase;
			buildActionMask = 2147483647;
			files = (
			);
			inputPaths = (
				"${PODS_ROOT}/Target Support Files/Pods-Movies/Pods-Movies-frameworks.sh",
				"${BUILT_PRODUCTS_DIR}/Alamofire/Alamofire.framework",
				"${BUILT_PRODUCTS_DIR}/Kingfisher/Kingfisher.framework",
				"${BUILT_PRODUCTS_DIR}/MaterialComponents/MaterialComponents.framework",
			);
			name = "[CP] Embed Pods Frameworks";
			outputPaths = (
				"${TARGET_BUILD_DIR}/${FRAMEWORKS_FOLDER_PATH}/Alamofire.framework",
				"${TARGET_BUILD_DIR}/${FRAMEWORKS_FOLDER_PATH}/Kingfisher.framework",
				"${TARGET_BUILD_DIR}/${FRAMEWORKS_FOLDER_PATH}/MaterialComponents.framework",
			);
			runOnlyForDeploymentPostprocessing = 0;
			shellPath = /bin/sh;
			shellScript = "\"${PODS_ROOT}/Target Support Files/Pods-Movies/Pods-Movies-frameworks.sh\"\n";
			showEnvVarsInLog = 0;
		};
		DB81C79AE32996FE49A13C65 /* [CP] Check Pods Manifest.lock */ = {
			isa = PBXShellScriptBuildPhase;
			buildActionMask = 2147483647;
			files = (
			);
			inputPaths = (
				"${PODS_PODFILE_DIR_PATH}/Podfile.lock",
				"${PODS_ROOT}/Manifest.lock",
			);
			name = "[CP] Check Pods Manifest.lock";
			outputPaths = (
				"$(DERIVED_FILE_DIR)/Pods-Movies-checkManifestLockResult.txt",
			);
			runOnlyForDeploymentPostprocessing = 0;
			shellPath = /bin/sh;
			shellScript = "diff \"${PODS_PODFILE_DIR_PATH}/Podfile.lock\" \"${PODS_ROOT}/Manifest.lock\" > /dev/null\nif [ $? != 0 ] ; then\n    # print error to STDERR\n    echo \"error: The sandbox is not in sync with the Podfile.lock. Run 'pod install' or update your CocoaPods installation.\" >&2\n    exit 1\nfi\n# This output is used by Xcode 'outputs' to avoid re-running this script phase.\necho \"SUCCESS\" > \"${SCRIPT_OUTPUT_FILE_0}\"\n";
			showEnvVarsInLog = 0;
		};
		F2D1A413A105B551A71991A2 /* [CP] Check Pods Manifest.lock */ = {
			isa = PBXShellScriptBuildPhase;
			buildActionMask = 2147483647;
			files = (
			);
			inputPaths = (
				"${PODS_PODFILE_DIR_PATH}/Podfile.lock",
				"${PODS_ROOT}/Manifest.lock",
			);
			name = "[CP] Check Pods Manifest.lock";
			outputPaths = (
				"$(DERIVED_FILE_DIR)/Pods-MoviesTests-checkManifestLockResult.txt",
			);
			runOnlyForDeploymentPostprocessing = 0;
			shellPath = /bin/sh;
			shellScript = "diff \"${PODS_PODFILE_DIR_PATH}/Podfile.lock\" \"${PODS_ROOT}/Manifest.lock\" > /dev/null\nif [ $? != 0 ] ; then\n    # print error to STDERR\n    echo \"error: The sandbox is not in sync with the Podfile.lock. Run 'pod install' or update your CocoaPods installation.\" >&2\n    exit 1\nfi\n# This output is used by Xcode 'outputs' to avoid re-running this script phase.\necho \"SUCCESS\" > \"${SCRIPT_OUTPUT_FILE_0}\"\n";
			showEnvVarsInLog = 0;
		};
/* End PBXShellScriptBuildPhase section */

/* Begin PBXSourcesBuildPhase section */
		398DF1BF222FE32D007F62E0 /* Sources */ = {
			isa = PBXSourcesBuildPhase;
			buildActionMask = 2147483647;
			files = (
				398DF1C9222FE32D007F62E0 /* ViewController.swift in Sources */,
				39DD7B4B22302664002B41BF /* MovieInteractor.swift in Sources */,
				394B394E222FEBCA00A93784 /* MoviesViewController.swift in Sources */,
				398DF1CF222FE32D007F62E0 /* Movies.xcdatamodeld in Sources */,
				394B394B222FE86100A93784 /* Movie.swift in Sources */,
				398DF1C7222FE32D007F62E0 /* AppDelegate.swift in Sources */,
				394B39502230059800A93784 /* PresenterMovie.swift in Sources */,
			);
			runOnlyForDeploymentPostprocessing = 0;
		};
		398DF1D6222FE32E007F62E0 /* Sources */ = {
			isa = PBXSourcesBuildPhase;
			buildActionMask = 2147483647;
			files = (
				398DF1DF222FE32E007F62E0 /* MoviesTests.swift in Sources */,
			);
			runOnlyForDeploymentPostprocessing = 0;
		};
/* End PBXSourcesBuildPhase section */

/* Begin PBXTargetDependency section */
		398DF1DC222FE32E007F62E0 /* PBXTargetDependency */ = {
			isa = PBXTargetDependency;
			target = 398DF1C2222FE32D007F62E0 /* Movies */;
			targetProxy = 398DF1DB222FE32E007F62E0 /* PBXContainerItemProxy */;
		};
/* End PBXTargetDependency section */

/* Begin PBXVariantGroup section */
		398DF1CA222FE32D007F62E0 /* Main.storyboard */ = {
			isa = PBXVariantGroup;
			children = (
				398DF1CB222FE32D007F62E0 /* Base */,
			);
			name = Main.storyboard;
			sourceTree = "<group>";
		};
		398DF1D2222FE32D007F62E0 /* LaunchScreen.storyboard */ = {
			isa = PBXVariantGroup;
			children = (
				398DF1D3222FE32D007F62E0 /* Base */,
			);
			name = LaunchScreen.storyboard;
			sourceTree = "<group>";
		};
/* End PBXVariantGroup section */

/* Begin XCBuildConfiguration section */
		398DF1E1222FE32E007F62E0 /* Debug */ = {
			isa = XCBuildConfiguration;
			buildSettings = {
				ALWAYS_SEARCH_USER_PATHS = NO;
				CLANG_ANALYZER_NONNULL = YES;
				CLANG_ANALYZER_NUMBER_OBJECT_CONVERSION = YES_AGGRESSIVE;
				CLANG_CXX_LANGUAGE_STANDARD = "gnu++14";
				CLANG_CXX_LIBRARY = "libc++";
				CLANG_ENABLE_MODULES = YES;
				CLANG_ENABLE_OBJC_ARC = YES;
				CLANG_WARN_BLOCK_CAPTURE_AUTORELEASING = YES;
				CLANG_WARN_BOOL_CONVERSION = YES;
				CLANG_WARN_COMMA = YES;
				CLANG_WARN_CONSTANT_CONVERSION = YES;
				CLANG_WARN_DIRECT_OBJC_ISA_USAGE = YES_ERROR;
				CLANG_WARN_DOCUMENTATION_COMMENTS = YES;
				CLANG_WARN_EMPTY_BODY = YES;
				CLANG_WARN_ENUM_CONVERSION = YES;
				CLANG_WARN_INFINITE_RECURSION = YES;
				CLANG_WARN_INT_CONVERSION = YES;
				CLANG_WARN_NON_LITERAL_NULL_CONVERSION = YES;
				CLANG_WARN_OBJC_LITERAL_CONVERSION = YES;
				CLANG_WARN_OBJC_ROOT_CLASS = YES_ERROR;
				CLANG_WARN_RANGE_LOOP_ANALYSIS = YES;
				CLANG_WARN_STRICT_PROTOTYPES = YES;
				CLANG_WARN_SUSPICIOUS_MOVE = YES;
				CLANG_WARN_UNGUARDED_AVAILABILITY = YES_AGGRESSIVE;
				CLANG_WARN_UNREACHABLE_CODE = YES;
				CLANG_WARN__DUPLICATE_METHOD_MATCH = YES;
				CODE_SIGN_IDENTITY = "iPhone Developer";
				COPY_PHASE_STRIP = NO;
				DEBUG_INFORMATION_FORMAT = dwarf;
				ENABLE_STRICT_OBJC_MSGSEND = YES;
				ENABLE_TESTABILITY = YES;
				GCC_C_LANGUAGE_STANDARD = gnu11;
				GCC_DYNAMIC_NO_PIC = NO;
				GCC_NO_COMMON_BLOCKS = YES;
				GCC_OPTIMIZATION_LEVEL = 0;
				GCC_PREPROCESSOR_DEFINITIONS = (
					"DEBUG=1",
					"$(inherited)",
				);
				GCC_WARN_64_TO_32_BIT_CONVERSION = YES;
				GCC_WARN_ABOUT_RETURN_TYPE = YES_ERROR;
				GCC_WARN_UNDECLARED_SELECTOR = YES;
				GCC_WARN_UNINITIALIZED_AUTOS = YES_AGGRESSIVE;
				GCC_WARN_UNUSED_FUNCTION = YES;
				GCC_WARN_UNUSED_VARIABLE = YES;
				IPHONEOS_DEPLOYMENT_TARGET = 11.0;
				MTL_ENABLE_DEBUG_INFO = YES;
				ONLY_ACTIVE_ARCH = YES;
				SDKROOT = iphoneos;
				SWIFT_ACTIVE_COMPILATION_CONDITIONS = DEBUG;
				SWIFT_OPTIMIZATION_LEVEL = "-Onone";
			};
			name = Debug;
		};
		398DF1E2222FE32E007F62E0 /* Release */ = {
			isa = XCBuildConfiguration;
			buildSettings = {
				ALWAYS_SEARCH_USER_PATHS = NO;
				CLANG_ANALYZER_NONNULL = YES;
				CLANG_ANALYZER_NUMBER_OBJECT_CONVERSION = YES_AGGRESSIVE;
				CLANG_CXX_LANGUAGE_STANDARD = "gnu++14";
				CLANG_CXX_LIBRARY = "libc++";
				CLANG_ENABLE_MODULES = YES;
				CLANG_ENABLE_OBJC_ARC = YES;
				CLANG_WARN_BLOCK_CAPTURE_AUTORELEASING = YES;
				CLANG_WARN_BOOL_CONVERSION = YES;
				CLANG_WARN_COMMA = YES;
				CLANG_WARN_CONSTANT_CONVERSION = YES;
				CLANG_WARN_DIRECT_OBJC_ISA_USAGE = YES_ERROR;
				CLANG_WARN_DOCUMENTATION_COMMENTS = YES;
				CLANG_WARN_EMPTY_BODY = YES;
				CLANG_WARN_ENUM_CONVERSION = YES;
				CLANG_WARN_INFINITE_RECURSION = YES;
				CLANG_WARN_INT_CONVERSION = YES;
				CLANG_WARN_NON_LITERAL_NULL_CONVERSION = YES;
				CLANG_WARN_OBJC_LITERAL_CONVERSION = YES;
				CLANG_WARN_OBJC_ROOT_CLASS = YES_ERROR;
				CLANG_WARN_RANGE_LOOP_ANALYSIS = YES;
				CLANG_WARN_STRICT_PROTOTYPES = YES;
				CLANG_WARN_SUSPICIOUS_MOVE = YES;
				CLANG_WARN_UNGUARDED_AVAILABILITY = YES_AGGRESSIVE;
				CLANG_WARN_UNREACHABLE_CODE = YES;
				CLANG_WARN__DUPLICATE_METHOD_MATCH = YES;
				CODE_SIGN_IDENTITY = "iPhone Developer";
				COPY_PHASE_STRIP = NO;
				DEBUG_INFORMATION_FORMAT = "dwarf-with-dsym";
				ENABLE_NS_ASSERTIONS = NO;
				ENABLE_STRICT_OBJC_MSGSEND = YES;
				GCC_C_LANGUAGE_STANDARD = gnu11;
				GCC_NO_COMMON_BLOCKS = YES;
				GCC_WARN_64_TO_32_BIT_CONVERSION = YES;
				GCC_WARN_ABOUT_RETURN_TYPE = YES_ERROR;
				GCC_WARN_UNDECLARED_SELECTOR = YES;
				GCC_WARN_UNINITIALIZED_AUTOS = YES_AGGRESSIVE;
				GCC_WARN_UNUSED_FUNCTION = YES;
				GCC_WARN_UNUSED_VARIABLE = YES;
				IPHONEOS_DEPLOYMENT_TARGET = 11.0;
				MTL_ENABLE_DEBUG_INFO = NO;
				SDKROOT = iphoneos;
				SWIFT_OPTIMIZATION_LEVEL = "-Owholemodule";
				VALIDATE_PRODUCT = YES;
			};
			name = Release;
		};
		398DF1E4222FE32E007F62E0 /* Debug */ = {
			isa = XCBuildConfiguration;
			baseConfigurationReference = AA84D6ED744E0383E120E18A /* Pods-Movies.debug.xcconfig */;
			buildSettings = {
				ASSETCATALOG_COMPILER_APPICON_NAME = AppIcon;
				CODE_SIGN_STYLE = Manual;
				DEVELOPMENT_TEAM = "";
				INFOPLIST_FILE = Movies/Info.plist;
				LD_RUNPATH_SEARCH_PATHS = "$(inherited) @executable_path/Frameworks";
				PRODUCT_BUNDLE_IDENTIFIER = br.com.wsc.desafiotoken.Movies;
				PRODUCT_NAME = "$(TARGET_NAME)";
				PROVISIONING_PROFILE_SPECIFIER = "";
				SWIFT_VERSION = 4.0;
				TARGETED_DEVICE_FAMILY = "1,2";
			};
			name = Debug;
		};
		398DF1E5222FE32E007F62E0 /* Release */ = {
			isa = XCBuildConfiguration;
			baseConfigurationReference = B76D0365F9D556F0D1C33C46 /* Pods-Movies.release.xcconfig */;
			buildSettings = {
				ASSETCATALOG_COMPILER_APPICON_NAME = AppIcon;
				CODE_SIGN_STYLE = Manual;
				DEVELOPMENT_TEAM = "";
				INFOPLIST_FILE = Movies/Info.plist;
				LD_RUNPATH_SEARCH_PATHS = "$(inherited) @executable_path/Frameworks";
				PRODUCT_BUNDLE_IDENTIFIER = br.com.wsc.desafiotoken.Movies;
				PRODUCT_NAME = "$(TARGET_NAME)";
				PROVISIONING_PROFILE_SPECIFIER = "";
				SWIFT_VERSION = 4.0;
				TARGETED_DEVICE_FAMILY = "1,2";
			};
			name = Release;
		};
		398DF1E7222FE32E007F62E0 /* Debug */ = {
			isa = XCBuildConfiguration;
			baseConfigurationReference = A852EB78DF80504D1DB01525 /* Pods-MoviesTests.debug.xcconfig */;
			buildSettings = {
				ALWAYS_EMBED_SWIFT_STANDARD_LIBRARIES = YES;
				BUNDLE_LOADER = "$(TEST_HOST)";
				CODE_SIGN_STYLE = Automatic;
				INFOPLIST_FILE = MoviesTests/Info.plist;
				LD_RUNPATH_SEARCH_PATHS = "$(inherited) @executable_path/Frameworks @loader_path/Frameworks";
				PRODUCT_BUNDLE_IDENTIFIER = br.com.wsc.desafiotoken.MoviesTests;
				PRODUCT_NAME = "$(TARGET_NAME)";
				SWIFT_VERSION = 4.0;
				TARGETED_DEVICE_FAMILY = "1,2";
				TEST_HOST = "$(BUILT_PRODUCTS_DIR)/Movies.app/Movies";
			};
			name = Debug;
		};
		398DF1E8222FE32E007F62E0 /* Release */ = {
			isa = XCBuildConfiguration;
			baseConfigurationReference = D4895FE69F7C69266A8507A9 /* Pods-MoviesTests.release.xcconfig */;
			buildSettings = {
				ALWAYS_EMBED_SWIFT_STANDARD_LIBRARIES = YES;
				BUNDLE_LOADER = "$(TEST_HOST)";
				CODE_SIGN_STYLE = Automatic;
				INFOPLIST_FILE = MoviesTests/Info.plist;
				LD_RUNPATH_SEARCH_PATHS = "$(inherited) @executable_path/Frameworks @loader_path/Frameworks";
				PRODUCT_BUNDLE_IDENTIFIER = br.com.wsc.desafiotoken.MoviesTests;
				PRODUCT_NAME = "$(TARGET_NAME)";
				SWIFT_VERSION = 4.0;
				TARGETED_DEVICE_FAMILY = "1,2";
				TEST_HOST = "$(BUILT_PRODUCTS_DIR)/Movies.app/Movies";
			};
			name = Release;
		};
/* End XCBuildConfiguration section */

/* Begin XCConfigurationList section */
		398DF1BE222FE32C007F62E0 /* Build configuration list for PBXProject "Movies" */ = {
			isa = XCConfigurationList;
			buildConfigurations = (
				398DF1E1222FE32E007F62E0 /* Debug */,
				398DF1E2222FE32E007F62E0 /* Release */,
			);
			defaultConfigurationIsVisible = 0;
			defaultConfigurationName = Release;
		};
		398DF1E3222FE32E007F62E0 /* Build configuration list for PBXNativeTarget "Movies" */ = {
			isa = XCConfigurationList;
			buildConfigurations = (
				398DF1E4222FE32E007F62E0 /* Debug */,
				398DF1E5222FE32E007F62E0 /* Release */,
			);
			defaultConfigurationIsVisible = 0;
			defaultConfigurationName = Release;
		};
		398DF1E6222FE32E007F62E0 /* Build configuration list for PBXNativeTarget "MoviesTests" */ = {
			isa = XCConfigurationList;
			buildConfigurations = (
				398DF1E7222FE32E007F62E0 /* Debug */,
				398DF1E8222FE32E007F62E0 /* Release */,
			);
			defaultConfigurationIsVisible = 0;
			defaultConfigurationName = Release;
		};
/* End XCConfigurationList section */

/* Begin XCVersionGroup section */
		398DF1CD222FE32D007F62E0 /* Movies.xcdatamodeld */ = {
			isa = XCVersionGroup;
			children = (
				398DF1CE222FE32D007F62E0 /* Movies.xcdatamodel */,
			);
			currentVersion = 398DF1CE222FE32D007F62E0 /* Movies.xcdatamodel */;
			path = Movies.xcdatamodeld;
			sourceTree = "<group>";
			versionGroupType = wrapper.xcdatamodel;
		};
/* End XCVersionGroup section */
	};
	rootObject = 398DF1BB222FE32C007F62E0 /* Project object */;
}
